// !$*UTF8*$!
{
	archiveVersion = 1;
	classes = {
	};
	objectVersion = 55;
	objects = {

/* Begin PBXBuildFile section */
		5C3D094127D7ED49005478F3 /* CollageView.swift in Sources */ = {isa = PBXBuildFile; fileRef = 5C3D094027D7ED49005478F3 /* CollageView.swift */; };
		5C52919727CB5254009076CB /* ImagePicker.swift in Sources */ = {isa = PBXBuildFile; fileRef = 5C52919627CB5254009076CB /* ImagePicker.swift */; };
		5C5291D527CC9240009076CB /* FilterView.swift in Sources */ = {isa = PBXBuildFile; fileRef = 5C5291D427CC9240009076CB /* FilterView.swift */; };
		5C9ACF9527DAA929004C04DD /* ImageSaver.swift in Sources */ = {isa = PBXBuildFile; fileRef = 5C9ACF9427DAA929004C04DD /* ImageSaver.swift */; };
		5CF322A127CA14B60068DE85 /* ImageEditorApp.swift in Sources */ = {isa = PBXBuildFile; fileRef = 5CF322A027CA14B60068DE85 /* ImageEditorApp.swift */; };
		5CF322A327CA14B60068DE85 /* ContentView.swift in Sources */ = {isa = PBXBuildFile; fileRef = 5CF322A227CA14B60068DE85 /* ContentView.swift */; };
		5CF322A527CA14BB0068DE85 /* Assets.xcassets in Resources */ = {isa = PBXBuildFile; fileRef = 5CF322A427CA14BB0068DE85 /* Assets.xcassets */; };
		5CF322A827CA14BB0068DE85 /* Preview Assets.xcassets in Resources */ = {isa = PBXBuildFile; fileRef = 5CF322A727CA14BB0068DE85 /* Preview Assets.xcassets */; };
		5CF322B227CA14BB0068DE85 /* ImageEditorTests.swift in Sources */ = {isa = PBXBuildFile; fileRef = 5CF322B127CA14BB0068DE85 /* ImageEditorTests.swift */; };
		5CF322BC27CA14BB0068DE85 /* ImageEditorUITests.swift in Sources */ = {isa = PBXBuildFile; fileRef = 5CF322BB27CA14BB0068DE85 /* ImageEditorUITests.swift */; };
		5CF322BE27CA14BB0068DE85 /* ImageEditorUITestsLaunchTests.swift in Sources */ = {isa = PBXBuildFile; fileRef = 5CF322BD27CA14BB0068DE85 /* ImageEditorUITestsLaunchTests.swift */; };
/* End PBXBuildFile section */

/* Begin PBXContainerItemProxy section */
		5CF322AE27CA14BB0068DE85 /* PBXContainerItemProxy */ = {
			isa = PBXContainerItemProxy;
			containerPortal = 5CF3229527CA14B60068DE85 /* Project object */;
			proxyType = 1;
			remoteGlobalIDString = 5CF3229C27CA14B60068DE85;
			remoteInfo = ImageEditor;
		};
		5CF322B827CA14BB0068DE85 /* PBXContainerItemProxy */ = {
			isa = PBXContainerItemProxy;
			containerPortal = 5CF3229527CA14B60068DE85 /* Project object */;
			proxyType = 1;
			remoteGlobalIDString = 5CF3229C27CA14B60068DE85;
			remoteInfo = ImageEditor;
		};
/* End PBXContainerItemProxy section */

/* Begin PBXFileReference section */
		5C3D094027D7ED49005478F3 /* CollageView.swift */ = {isa = PBXFileReference; lastKnownFileType = sourcecode.swift; path = CollageView.swift; sourceTree = "<group>"; };
		5C52919627CB5254009076CB /* ImagePicker.swift */ = {isa = PBXFileReference; lastKnownFileType = sourcecode.swift; path = ImagePicker.swift; sourceTree = "<group>"; };
		5C5291D427CC9240009076CB /* FilterView.swift */ = {isa = PBXFileReference; lastKnownFileType = sourcecode.swift; path = FilterView.swift; sourceTree = "<group>"; };
		5C9ACF9427DAA929004C04DD /* ImageSaver.swift */ = {isa = PBXFileReference; lastKnownFileType = sourcecode.swift; path = ImageSaver.swift; sourceTree = "<group>"; };
		5C9ACF9627DAAB7E004C04DD /* Info.plist */ = {isa = PBXFileReference; lastKnownFileType = text.plist; path = Info.plist; sourceTree = "<group>"; };
		5CF3229D27CA14B60068DE85 /* ImageEditor.app */ = {isa = PBXFileReference; explicitFileType = wrapper.application; includeInIndex = 0; path = ImageEditor.app; sourceTree = BUILT_PRODUCTS_DIR; };
		5CF322A027CA14B60068DE85 /* ImageEditorApp.swift */ = {isa = PBXFileReference; lastKnownFileType = sourcecode.swift; path = ImageEditorApp.swift; sourceTree = "<group>"; };
		5CF322A227CA14B60068DE85 /* ContentView.swift */ = {isa = PBXFileReference; lastKnownFileType = sourcecode.swift; path = ContentView.swift; sourceTree = "<group>"; };
		5CF322A427CA14BB0068DE85 /* Assets.xcassets */ = {isa = PBXFileReference; lastKnownFileType = folder.assetcatalog; path = Assets.xcassets; sourceTree = "<group>"; };
		5CF322A727CA14BB0068DE85 /* Preview Assets.xcassets */ = {isa = PBXFileReference; lastKnownFileType = folder.assetcatalog; path = "Preview Assets.xcassets"; sourceTree = "<group>"; };
		5CF322AD27CA14BB0068DE85 /* ImageEditorTests.xctest */ = {isa = PBXFileReference; explicitFileType = wrapper.cfbundle; includeInIndex = 0; path = ImageEditorTests.xctest; sourceTree = BUILT_PRODUCTS_DIR; };
		5CF322B127CA14BB0068DE85 /* ImageEditorTests.swift */ = {isa = PBXFileReference; lastKnownFileType = sourcecode.swift; path = ImageEditorTests.swift; sourceTree = "<group>"; };
		5CF322B727CA14BB0068DE85 /* ImageEditorUITests.xctest */ = {isa = PBXFileReference; explicitFileType = wrapper.cfbundle; includeInIndex = 0; path = ImageEditorUITests.xctest; sourceTree = BUILT_PRODUCTS_DIR; };
		5CF322BB27CA14BB0068DE85 /* ImageEditorUITests.swift */ = {isa = PBXFileReference; lastKnownFileType = sourcecode.swift; path = ImageEditorUITests.swift; sourceTree = "<group>"; };
		5CF322BD27CA14BB0068DE85 /* ImageEditorUITestsLaunchTests.swift */ = {isa = PBXFileReference; lastKnownFileType = sourcecode.swift; path = ImageEditorUITestsLaunchTests.swift; sourceTree = "<group>"; };
/* End PBXFileReference section */

/* Begin PBXFrameworksBuildPhase section */
		5CF3229A27CA14B60068DE85 /* Frameworks */ = {
			isa = PBXFrameworksBuildPhase;
			buildActionMask = 2147483647;
			files = (
			);
			runOnlyForDeploymentPostprocessing = 0;
		};
		5CF322AA27CA14BB0068DE85 /* Frameworks */ = {
			isa = PBXFrameworksBuildPhase;
			buildActionMask = 2147483647;
			files = (
			);
			runOnlyForDeploymentPostprocessing = 0;
		};
		5CF322B427CA14BB0068DE85 /* Frameworks */ = {
			isa = PBXFrameworksBuildPhase;
			buildActionMask = 2147483647;
			files = (
			);
			runOnlyForDeploymentPostprocessing = 0;
		};
/* End PBXFrameworksBuildPhase section */

/* Begin PBXGroup section */
		5CF3229427CA14B60068DE85 = {
			isa = PBXGroup;
			children = (
				5CF3229F27CA14B60068DE85 /* ImageEditor */,
				5CF322B027CA14BB0068DE85 /* ImageEditorTests */,
				5CF322BA27CA14BB0068DE85 /* ImageEditorUITests */,
				5CF3229E27CA14B60068DE85 /* Products */,
			);
			sourceTree = "<group>";
		};
		5CF3229E27CA14B60068DE85 /* Products */ = {
			isa = PBXGroup;
			children = (
				5CF3229D27CA14B60068DE85 /* ImageEditor.app */,
				5CF322AD27CA14BB0068DE85 /* ImageEditorTests.xctest */,
				5CF322B727CA14BB0068DE85 /* ImageEditorUITests.xctest */,
			);
			name = Products;
			sourceTree = "<group>";
		};
		5CF3229F27CA14B60068DE85 /* ImageEditor */ = {
			isa = PBXGroup;
			children = (
				5C9ACF9627DAAB7E004C04DD /* Info.plist */,
				5CF322A027CA14B60068DE85 /* ImageEditorApp.swift */,
				5CF322A227CA14B60068DE85 /* ContentView.swift */,
				5C3D094027D7ED49005478F3 /* CollageView.swift */,
				5C9ACF9427DAA929004C04DD /* ImageSaver.swift */,
				5C5291D427CC9240009076CB /* FilterView.swift */,
				5C52919627CB5254009076CB /* ImagePicker.swift */,
				5CF322A427CA14BB0068DE85 /* Assets.xcassets */,
				5CF322A627CA14BB0068DE85 /* Preview Content */,
			);
			path = ImageEditor;
			sourceTree = "<group>";
		};
		5CF322A627CA14BB0068DE85 /* Preview Content */ = {
			isa = PBXGroup;
			children = (
				5CF322A727CA14BB0068DE85 /* Preview Assets.xcassets */,
			);
			path = "Preview Content";
			sourceTree = "<group>";
		};
		5CF322B027CA14BB0068DE85 /* ImageEditorTests */ = {
			isa = PBXGroup;
			children = (
				5CF322B127CA14BB0068DE85 /* ImageEditorTests.swift */,
			);
			path = ImageEditorTests;
			sourceTree = "<group>";
		};
		5CF322BA27CA14BB0068DE85 /* ImageEditorUITests */ = {
			isa = PBXGroup;
			children = (
				5CF322BB27CA14BB0068DE85 /* ImageEditorUITests.swift */,
				5CF322BD27CA14BB0068DE85 /* ImageEditorUITestsLaunchTests.swift */,
			);
			path = ImageEditorUITests;
			sourceTree = "<group>";
		};
/* End PBXGroup section */

/* Begin PBXNativeTarget section */
		5CF3229C27CA14B60068DE85 /* ImageEditor */ = {
			isa = PBXNativeTarget;
			buildConfigurationList = 5CF322C127CA14BB0068DE85 /* Build configuration list for PBXNativeTarget "ImageEditor" */;
			buildPhases = (
				5CF3229927CA14B60068DE85 /* Sources */,
				5CF3229A27CA14B60068DE85 /* Frameworks */,
				5CF3229B27CA14B60068DE85 /* Resources */,
			);
			buildRules = (
			);
			dependencies = (
			);
			name = ImageEditor;
			productName = ImageEditor;
			productReference = 5CF3229D27CA14B60068DE85 /* ImageEditor.app */;
			productType = "com.apple.product-type.application";
		};
		5CF322AC27CA14BB0068DE85 /* ImageEditorTests */ = {
			isa = PBXNativeTarget;
			buildConfigurationList = 5CF322C427CA14BB0068DE85 /* Build configuration list for PBXNativeTarget "ImageEditorTests" */;
			buildPhases = (
				5CF322A927CA14BB0068DE85 /* Sources */,
				5CF322AA27CA14BB0068DE85 /* Frameworks */,
				5CF322AB27CA14BB0068DE85 /* Resources */,
			);
			buildRules = (
			);
			dependencies = (
				5CF322AF27CA14BB0068DE85 /* PBXTargetDependency */,
			);
			name = ImageEditorTests;
			productName = ImageEditorTests;
			productReference = 5CF322AD27CA14BB0068DE85 /* ImageEditorTests.xctest */;
			productType = "com.apple.product-type.bundle.unit-test";
		};
		5CF322B627CA14BB0068DE85 /* ImageEditorUITests */ = {
			isa = PBXNativeTarget;
			buildConfigurationList = 5CF322C727CA14BB0068DE85 /* Build configuration list for PBXNativeTarget "ImageEditorUITests" */;
			buildPhases = (
				5CF322B327CA14BB0068DE85 /* Sources */,
				5CF322B427CA14BB0068DE85 /* Frameworks */,
				5CF322B527CA14BB0068DE85 /* Resources */,
			);
			buildRules = (
			);
			dependencies = (
				5CF322B927CA14BB0068DE85 /* PBXTargetDependency */,
			);
			name = ImageEditorUITests;
			productName = ImageEditorUITests;
			productReference = 5CF322B727CA14BB0068DE85 /* ImageEditorUITests.xctest */;
			productType = "com.apple.product-type.bundle.ui-testing";
		};
/* End PBXNativeTarget section */

/* Begin PBXProject section */
		5CF3229527CA14B60068DE85 /* Project object */ = {
			isa = PBXProject;
			attributes = {
				BuildIndependentTargetsInParallel = 1;
				LastSwiftUpdateCheck = 1320;
				LastUpgradeCheck = 1320;
				TargetAttributes = {
					5CF3229C27CA14B60068DE85 = {
						CreatedOnToolsVersion = 13.2.1;
					};
					5CF322AC27CA14BB0068DE85 = {
						CreatedOnToolsVersion = 13.2.1;
						TestTargetID = 5CF3229C27CA14B60068DE85;
					};
					5CF322B627CA14BB0068DE85 = {
						CreatedOnToolsVersion = 13.2.1;
						TestTargetID = 5CF3229C27CA14B60068DE85;
					};
				};
			};
			buildConfigurationList = 5CF3229827CA14B60068DE85 /* Build configuration list for PBXProject "ImageEditor" */;
			compatibilityVersion = "Xcode 13.0";
			developmentRegion = en;
			hasScannedForEncodings = 0;
			knownRegions = (
				en,
				Base,
			);
			mainGroup = 5CF3229427CA14B60068DE85;
			productRefGroup = 5CF3229E27CA14B60068DE85 /* Products */;
			projectDirPath = "";
			projectRoot = "";
			targets = (
				5CF3229C27CA14B60068DE85 /* ImageEditor */,
				5CF322AC27CA14BB0068DE85 /* ImageEditorTests */,
				5CF322B627CA14BB0068DE85 /* ImageEditorUITests */,
			);
		};
/* End PBXProject section */

/* Begin PBXResourcesBuildPhase section */
		5CF3229B27CA14B60068DE85 /* Resources */ = {
			isa = PBXResourcesBuildPhase;
			buildActionMask = 2147483647;
			files = (
				5CF322A827CA14BB0068DE85 /* Preview Assets.xcassets in Resources */,
				5CF322A527CA14BB0068DE85 /* Assets.xcassets in Resources */,
			);
			runOnlyForDeploymentPostprocessing = 0;
		};
		5CF322AB27CA14BB0068DE85 /* Resources */ = {
			isa = PBXResourcesBuildPhase;
			buildActionMask = 2147483647;
			files = (
			);
			runOnlyForDeploymentPostprocessing = 0;
		};
		5CF322B527CA14BB0068DE85 /* Resources */ = {
			isa = PBXResourcesBuildPhase;
			buildActionMask = 2147483647;
			files = (
			);
			runOnlyForDeploymentPostprocessing = 0;
		};
/* End PBXResourcesBuildPhase section */

/* Begin PBXSourcesBuildPhase section */
		5CF3229927CA14B60068DE85 /* Sources */ = {
			isa = PBXSourcesBuildPhase;
			buildActionMask = 2147483647;
			files = (
				5C5291D527CC9240009076CB /* FilterView.swift in Sources */,
				5C9ACF9527DAA929004C04DD /* ImageSaver.swift in Sources */,
				5C52919727CB5254009076CB /* ImagePicker.swift in Sources */,
				5CF322A327CA14B60068DE85 /* ContentView.swift in Sources */,
				5C3D094127D7ED49005478F3 /* CollageView.swift in Sources */,
				5CF322A127CA14B60068DE85 /* ImageEditorApp.swift in Sources */,
			);
			runOnlyForDeploymentPostprocessing = 0;
		};
		5CF322A927CA14BB0068DE85 /* Sources */ = {
			isa = PBXSourcesBuildPhase;
			buildActionMask = 2147483647;
			files = (
				5CF322B227CA14BB0068DE85 /* ImageEditorTests.swift in Sources */,
			);
			runOnlyForDeploymentPostprocessing = 0;
		};
		5CF322B327CA14BB0068DE85 /* Sources */ = {
			isa = PBXSourcesBuildPhase;
			buildActionMask = 2147483647;
			files = (
				5CF322BC27CA14BB0068DE85 /* ImageEditorUITests.swift in Sources */,
				5CF322BE27CA14BB0068DE85 /* ImageEditorUITestsLaunchTests.swift in Sources */,
			);
			runOnlyForDeploymentPostprocessing = 0;
		};
/* End PBXSourcesBuildPhase section */

/* Begin PBXTargetDependency section */
		5CF322AF27CA14BB0068DE85 /* PBXTargetDependency */ = {
			isa = PBXTargetDependency;
			target = 5CF3229C27CA14B60068DE85 /* ImageEditor */;
			targetProxy = 5CF322AE27CA14BB0068DE85 /* PBXContainerItemProxy */;
		};
		5CF322B927CA14BB0068DE85 /* PBXTargetDependency */ = {
			isa = PBXTargetDependency;
			target = 5CF3229C27CA14B60068DE85 /* ImageEditor */;
			targetProxy = 5CF322B827CA14BB0068DE85 /* PBXContainerItemProxy */;
		};
/* End PBXTargetDependency section */

/* Begin XCBuildConfiguration section */
		5CF322BF27CA14BB0068DE85 /* Debug */ = {
			isa = XCBuildConfiguration;
			buildSettings = {
				ALWAYS_SEARCH_USER_PATHS = NO;
				CLANG_ANALYZER_NONNULL = YES;
				CLANG_ANALYZER_NUMBER_OBJECT_CONVERSION = YES_AGGRESSIVE;
				CLANG_CXX_LANGUAGE_STANDARD = "gnu++17";
				CLANG_CXX_LIBRARY = "libc++";
				CLANG_ENABLE_MODULES = YES;
				CLANG_ENABLE_OBJC_ARC = YES;
				CLANG_ENABLE_OBJC_WEAK = YES;
				CLANG_WARN_BLOCK_CAPTURE_AUTORELEASING = YES;
				CLANG_WARN_BOOL_CONVERSION = YES;
				CLANG_WARN_COMMA = YES;
				CLANG_WARN_CONSTANT_CONVERSION = YES;
				CLANG_WARN_DEPRECATED_OBJC_IMPLEMENTATIONS = YES;
				CLANG_WARN_DIRECT_OBJC_ISA_USAGE = YES_ERROR;
				CLANG_WARN_DOCUMENTATION_COMMENTS = YES;
				CLANG_WARN_EMPTY_BODY = YES;
				CLANG_WARN_ENUM_CONVERSION = YES;
				CLANG_WARN_INFINITE_RECURSION = YES;
				CLANG_WARN_INT_CONVERSION = YES;
				CLANG_WARN_NON_LITERAL_NULL_CONVERSION = YES;
				CLANG_WARN_OBJC_IMPLICIT_RETAIN_SELF = YES;
				CLANG_WARN_OBJC_LITERAL_CONVERSION = YES;
				CLANG_WARN_OBJC_ROOT_CLASS = YES_ERROR;
				CLANG_WARN_QUOTED_INCLUDE_IN_FRAMEWORK_HEADER = YES;
				CLANG_WARN_RANGE_LOOP_ANALYSIS = YES;
				CLANG_WARN_STRICT_PROTOTYPES = YES;
				CLANG_WARN_SUSPICIOUS_MOVE = YES;
				CLANG_WARN_UNGUARDED_AVAILABILITY = YES_AGGRESSIVE;
				CLANG_WARN_UNREACHABLE_CODE = YES;
				CLANG_WARN__DUPLICATE_METHOD_MATCH = YES;
				COPY_PHASE_STRIP = NO;
				DEBUG_INFORMATION_FORMAT = dwarf;
				ENABLE_STRICT_OBJC_MSGSEND = YES;
				ENABLE_TESTABILITY = YES;
				GCC_C_LANGUAGE_STANDARD = gnu11;
				GCC_DYNAMIC_NO_PIC = NO;
				GCC_NO_COMMON_BLOCKS = YES;
				GCC_OPTIMIZATION_LEVEL = 0;
				GCC_PREPROCESSOR_DEFINITIONS = (
					"DEBUG=1",
					"$(inherited)",
				);
				GCC_WARN_64_TO_32_BIT_CONVERSION = YES;
				GCC_WARN_ABOUT_RETURN_TYPE = YES_ERROR;
				GCC_WARN_UNDECLARED_SELECTOR = YES;
				GCC_WARN_UNINITIALIZED_AUTOS = YES_AGGRESSIVE;
				GCC_WARN_UNUSED_FUNCTION = YES;
				GCC_WARN_UNUSED_VARIABLE = YES;
				IPHONEOS_DEPLOYMENT_TARGET = 15.2;
				MTL_ENABLE_DEBUG_INFO = INCLUDE_SOURCE;
				MTL_FAST_MATH = YES;
				ONLY_ACTIVE_ARCH = YES;
				SDKROOT = iphoneos;
				SWIFT_ACTIVE_COMPILATION_CONDITIONS = DEBUG;
				SWIFT_OPTIMIZATION_LEVEL = "-Onone";
			};
			name = Debug;
		};
		5CF322C027CA14BB0068DE85 /* Release */ = {
			isa = XCBuildConfiguration;
			buildSettings = {
				ALWAYS_SEARCH_USER_PATHS = NO;
				CLANG_ANALYZER_NONNULL = YES;
				CLANG_ANALYZER_NUMBER_OBJECT_CONVERSION = YES_AGGRESSIVE;
				CLANG_CXX_LANGUAGE_STANDARD = "gnu++17";
				CLANG_CXX_LIBRARY = "libc++";
				CLANG_ENABLE_MODULES = YES;
				CLANG_ENABLE_OBJC_ARC = YES;
				CLANG_ENABLE_OBJC_WEAK = YES;
				CLANG_WARN_BLOCK_CAPTURE_AUTORELEASING = YES;
				CLANG_WARN_BOOL_CONVERSION = YES;
				CLANG_WARN_COMMA = YES;
				CLANG_WARN_CONSTANT_CONVERSION = YES;
				CLANG_WARN_DEPRECATED_OBJC_IMPLEMENTATIONS = YES;
				CLANG_WARN_DIRECT_OBJC_ISA_USAGE = YES_ERROR;
				CLANG_WARN_DOCUMENTATION_COMMENTS = YES;
				CLANG_WARN_EMPTY_BODY = YES;
				CLANG_WARN_ENUM_CONVERSION = YES;
				CLANG_WARN_INFINITE_RECURSION = YES;
				CLANG_WARN_INT_CONVERSION = YES;
				CLANG_WARN_NON_LITERAL_NULL_CONVERSION = YES;
				CLANG_WARN_OBJC_IMPLICIT_RETAIN_SELF = YES;
				CLANG_WARN_OBJC_LITERAL_CONVERSION = YES;
				CLANG_WARN_OBJC_ROOT_CLASS = YES_ERROR;
				CLANG_WARN_QUOTED_INCLUDE_IN_FRAMEWORK_HEADER = YES;
				CLANG_WARN_RANGE_LOOP_ANALYSIS = YES;
				CLANG_WARN_STRICT_PROTOTYPES = YES;
				CLANG_WARN_SUSPICIOUS_MOVE = YES;
				CLANG_WARN_UNGUARDED_AVAILABILITY = YES_AGGRESSIVE;
				CLANG_WARN_UNREACHABLE_CODE = YES;
				CLANG_WARN__DUPLICATE_METHOD_MATCH = YES;
				COPY_PHASE_STRIP = NO;
				DEBUG_INFORMATION_FORMAT = "dwarf-with-dsym";
				ENABLE_NS_ASSERTIONS = NO;
				ENABLE_STRICT_OBJC_MSGSEND = YES;
				GCC_C_LANGUAGE_STANDARD = gnu11;
				GCC_NO_COMMON_BLOCKS = YES;
				GCC_WARN_64_TO_32_BIT_CONVERSION = YES;
				GCC_WARN_ABOUT_RETURN_TYPE = YES_ERROR;
				GCC_WARN_UNDECLARED_SELECTOR = YES;
				GCC_WARN_UNINITIALIZED_AUTOS = YES_AGGRESSIVE;
				GCC_WARN_UNUSED_FUNCTION = YES;
				GCC_WARN_UNUSED_VARIABLE = YES;
				IPHONEOS_DEPLOYMENT_TARGET = 15.2;
				MTL_ENABLE_DEBUG_INFO = NO;
				MTL_FAST_MATH = YES;
				SDKROOT = iphoneos;
				SWIFT_COMPILATION_MODE = wholemodule;
				SWIFT_OPTIMIZATION_LEVEL = "-O";
				VALIDATE_PRODUCT = YES;
			};
			name = Release;
		};
		5CF322C227CA14BB0068DE85 /* Debug */ = {
			isa = XCBuildConfiguration;
			buildSettings = {
				ASSETCATALOG_COMPILER_APPICON_NAME = AppIcon;
				ASSETCATALOG_COMPILER_GLOBAL_ACCENT_COLOR_NAME = AccentColor;
				CODE_SIGN_STYLE = Automatic;
				CURRENT_PROJECT_VERSION = 1;
				DEVELOPMENT_ASSET_PATHS = "\"ImageEditor/Preview Content\"";
				DEVELOPMENT_TEAM = HMB4AK49F8;
				ENABLE_PREVIEWS = YES;
				GENERATE_INFOPLIST_FILE = YES;
				INFOPLIST_FILE = ImageEditor/Info.plist;
				INFOPLIST_KEY_NSPhotoLibraryAddUsageDescription = "We want to save your collaged Photo";
				INFOPLIST_KEY_UIApplicationSceneManifest_Generation = YES;
				INFOPLIST_KEY_UIApplicationSupportsIndirectInputEvents = YES;
				INFOPLIST_KEY_UILaunchScreen_Generation = YES;
				INFOPLIST_KEY_UISupportedInterfaceOrientations_iPad = "UIInterfaceOrientationPortrait UIInterfaceOrientationPortraitUpsideDown UIInterfaceOrientationLandscapeLeft UIInterfaceOrientationLandscapeRight";
				INFOPLIST_KEY_UISupportedInterfaceOrientations_iPhone = "UIInterfaceOrientationPortrait UIInterfaceOrientationLandscapeLeft UIInterfaceOrientationLandscapeRight";
				LD_RUNPATH_SEARCH_PATHS = (
					"$(inherited)",
					"@executable_path/Frameworks",
				);
				MARKETING_VERSION = 1.0;
				PRODUCT_BUNDLE_IDENTIFIER = Jena.ImageEditor;
				PRODUCT_NAME = "$(TARGET_NAME)";
				SWIFT_EMIT_LOC_STRINGS = YES;
				SWIFT_VERSION = 5.0;
				TARGETED_DEVICE_FAMILY = "1,2";
			};
			name = Debug;
		};
		5CF322C327CA14BB0068DE85 /* Release */ = {
			isa = XCBuildConfiguration;
			buildSettings = {
				ASSETCATALOG_COMPILER_APPICON_NAME = AppIcon;
				ASSETCATALOG_COMPILER_GLOBAL_ACCENT_COLOR_NAME = AccentColor;
				CODE_SIGN_STYLE = Automatic;
				CURRENT_PROJECT_VERSION = 1;
				DEVELOPMENT_ASSET_PATHS = "\"ImageEditor/Preview Content\"";
				DEVELOPMENT_TEAM = HMB4AK49F8;
				ENABLE_PREVIEWS = YES;
				GENERATE_INFOPLIST_FILE = YES;
				INFOPLIST_FILE = ImageEditor/Info.plist;
				INFOPLIST_KEY_NSPhotoLibraryAddUsageDescription = "We want to save your collaged Photo";
				INFOPLIST_KEY_UIApplicationSceneManifest_Generation = YES;
				INFOPLIST_KEY_UIApplicationSupportsIndirectInputEvents = YES;
				INFOPLIST_KEY_UILaunchScreen_Generation = YES;
				INFOPLIST_KEY_UISupportedInterfaceOrientations_iPad = "UIInterfaceOrientationPortrait UIInterfaceOrientationPortraitUpsideDown UIInterfaceOrientationLandscapeLeft UIInterfaceOrientationLandscapeRight";
				INFOPLIST_KEY_UISupportedInterfaceOrientations_iPhone = "UIInterfaceOrientationPortrait UIInterfaceOrientationLandscapeLeft UIInterfaceOrientationLandscapeRight";
				LD_RUNPATH_SEARCH_PATHS = (
					"$(inherited)",
					"@executable_path/Frameworks",
				);
				MARKETING_VERSION = 1.0;
				PRODUCT_BUNDLE_IDENTIFIER = Jena.ImageEditor;
				PRODUCT_NAME = "$(TARGET_NAME)";
				SWIFT_EMIT_LOC_STRINGS = YES;
				SWIFT_VERSION = 5.0;
				TARGETED_DEVICE_FAMILY = "1,2";
			};
			name = Release;
		};
		5CF322C527CA14BB0068DE85 /* Debug */ = {
			isa = XCBuildConfiguration;
			buildSettings = {
				ALWAYS_EMBED_SWIFT_STANDARD_LIBRARIES = YES;
				BUNDLE_LOADER = "$(TEST_HOST)";
				CODE_SIGN_STYLE = Automatic;
				CURRENT_PROJECT_VERSION = 1;
				DEVELOPMENT_TEAM = HMB4AK49F8;
				GENERATE_INFOPLIST_FILE = YES;
				IPHONEOS_DEPLOYMENT_TARGET = 15.2;
				MARKETING_VERSION = 1.0;
				PRODUCT_BUNDLE_IDENTIFIER = Jena.ImageEditorTests;
				PRODUCT_NAME = "$(TARGET_NAME)";
				SWIFT_EMIT_LOC_STRINGS = NO;
				SWIFT_VERSION = 5.0;
				TARGETED_DEVICE_FAMILY = "1,2";
				TEST_HOST = "$(BUILT_PRODUCTS_DIR)/ImageEditor.app/ImageEditor";
			};
			name = Debug;
		};
		5CF322C627CA14BB0068DE85 /* Release */ = {
			isa = XCBuildConfiguration;
			buildSettings = {
				ALWAYS_EMBED_SWIFT_STANDARD_LIBRARIES = YES;
				BUNDLE_LOADER = "$(TEST_HOST)";
				CODE_SIGN_STYLE = Automatic;
				CURRENT_PROJECT_VERSION = 1;
				DEVELOPMENT_TEAM = HMB4AK49F8;
				GENERATE_INFOPLIST_FILE = YES;
				IPHONEOS_DEPLOYMENT_TARGET = 15.2;
				MARKETING_VERSION = 1.0;
				PRODUCT_BUNDLE_IDENTIFIER = Jena.ImageEditorTests;
				PRODUCT_NAME = "$(TARGET_NAME)";
				SWIFT_EMIT_LOC_STRINGS = NO;
				SWIFT_VERSION = 5.0;
				TARGETED_DEVICE_FAMILY = "1,2";
				TEST_HOST = "$(BUILT_PRODUCTS_DIR)/ImageEditor.app/ImageEditor";
			};
			name = Release;
		};
		5CF322C827CA14BB0068DE85 /* Debug */ = {
			isa = XCBuildConfiguration;
			buildSettings = {
				ALWAYS_EMBED_SWIFT_STANDARD_LIBRARIES = YES;
				CODE_SIGN_STYLE = Automatic;
				CURRENT_PROJECT_VERSION = 1;
				DEVELOPMENT_TEAM = HMB4AK49F8;
				GENERATE_INFOPLIST_FILE = YES;
				MARKETING_VERSION = 1.0;
				PRODUCT_BUNDLE_IDENTIFIER = Jena.ImageEditorUITests;
				PRODUCT_NAME = "$(TARGET_NAME)";
				SWIFT_EMIT_LOC_STRINGS = NO;
				SWIFT_VERSION = 5.0;
				TARGETED_DEVICE_FAMILY = "1,2";
				TEST_TARGET_NAME = ImageEditor;
			};
			name = Debug;
		};
		5CF322C927CA14BB0068DE85 /* Release */ = {
			isa = XCBuildConfiguration;
			buildSettings = {
				ALWAYS_EMBED_SWIFT_STANDARD_LIBRARIES = YES;
				CODE_SIGN_STYLE = Automatic;
				CURRENT_PROJECT_VERSION = 1;
				DEVELOPMENT_TEAM = HMB4AK49F8;
				GENERATE_INFOPLIST_FILE = YES;
				MARKETING_VERSION = 1.0;
				PRODUCT_BUNDLE_IDENTIFIER = Jena.ImageEditorUITests;
				PRODUCT_NAME = "$(TARGET_NAME)";
				SWIFT_EMIT_LOC_STRINGS = NO;
				SWIFT_VERSION = 5.0;
				TARGETED_DEVICE_FAMILY = "1,2";
				TEST_TARGET_NAME = ImageEditor;
			};
			name = Release;
		};
/* End XCBuildConfiguration section */

/* Begin XCConfigurationList section */
		5CF3229827CA14B60068DE85 /* Build configuration list for PBXProject "ImageEditor" */ = {
			isa = XCConfigurationList;
			buildConfigurations = (
				5CF322BF27CA14BB0068DE85 /* Debug */,
				5CF322C027CA14BB0068DE85 /* Release */,
			);
			defaultConfigurationIsVisible = 0;
			defaultConfigurationName = Release;
		};
		5CF322C127CA14BB0068DE85 /* Build configuration list for PBXNativeTarget "ImageEditor" */ = {
			isa = XCConfigurationList;
			buildConfigurations = (
				5CF322C227CA14BB0068DE85 /* Debug */,
				5CF322C327CA14BB0068DE85 /* Release */,
			);
			defaultConfigurationIsVisible = 0;
			defaultConfigurationName = Release;
		};
		5CF322C427CA14BB0068DE85 /* Build configuration list for PBXNativeTarget "ImageEditorTests" */ = {
			isa = XCConfigurationList;
			buildConfigurations = (
				5CF322C527CA14BB0068DE85 /* Debug */,
				5CF322C627CA14BB0068DE85 /* Release */,
			);
			defaultConfigurationIsVisible = 0;
			defaultConfigurationName = Release;
		};
		5CF322C727CA14BB0068DE85 /* Build configuration list for PBXNativeTarget "ImageEditorUITests" */ = {
			isa = XCConfigurationList;
			buildConfigurations = (
				5CF322C827CA14BB0068DE85 /* Debug */,
				5CF322C927CA14BB0068DE85 /* Release */,
			);
			defaultConfigurationIsVisible = 0;
			defaultConfigurationName = Release;
		};
/* End XCConfigurationList section */
	};
	rootObject = 5CF3229527CA14B60068DE85 /* Project object */;
}
